// !$*UTF8*$!
{
	archiveVersion = 1;
	classes = {
	};
	objectVersion = 46;
	objects = {

/* Begin PBXBuildFile section */
		D8516AD51AF7B434002A1D45 /* WhiskeyViewController.m in Sources */ = {isa = PBXBuildFile; fileRef = D8516AD41AF7B434002A1D45 /* WhiskeyViewController.m */; };
		D8A2B1331AF719030058B61D /* main.m in Sources */ = {isa = PBXBuildFile; fileRef = D8A2B1321AF719030058B61D /* main.m */; };
		D8A2B1361AF719030058B61D /* AppDelegate.m in Sources */ = {isa = PBXBuildFile; fileRef = D8A2B1351AF719030058B61D /* AppDelegate.m */; };
		D8A2B1391AF719030058B61D /* WineViewController.m in Sources */ = {isa = PBXBuildFile; fileRef = D8A2B1381AF719030058B61D /* WineViewController.m */; };
		D8A2B13C1AF719030058B61D /* Main.storyboard in Resources */ = {isa = PBXBuildFile; fileRef = D8A2B13A1AF719030058B61D /* Main.storyboard */; };
		D8A2B13E1AF719030058B61D /* Images.xcassets in Resources */ = {isa = PBXBuildFile; fileRef = D8A2B13D1AF719030058B61D /* Images.xcassets */; };
		D8A2B1411AF719030058B61D /* LaunchScreen.xib in Resources */ = {isa = PBXBuildFile; fileRef = D8A2B13F1AF719030058B61D /* LaunchScreen.xib */; };
		D8A2B14D1AF719030058B61D /* AlcolatorTests.m in Sources */ = {isa = PBXBuildFile; fileRef = D8A2B14C1AF719030058B61D /* AlcolatorTests.m */; };
		D8E9D8F51AF7BCD20033F377 /* MainMenuViewController.m in Sources */ = {isa = PBXBuildFile; fileRef = D8E9D8F41AF7BCD20033F377 /* MainMenuViewController.m */; };
/* End PBXBuildFile section */

/* Begin PBXContainerItemProxy section */
		D8A2B1471AF719030058B61D /* PBXContainerItemProxy */ = {
			isa = PBXContainerItemProxy;
			containerPortal = D8A2B1251AF719030058B61D /* Project object */;
			proxyType = 1;
			remoteGlobalIDString = D8A2B12C1AF719030058B61D;
			remoteInfo = Alcolator;
		};
/* End PBXContainerItemProxy section */

/* Begin PBXFileReference section */
		D8516AD31AF7B434002A1D45 /* WhiskeyViewController.h */ = {isa = PBXFileReference; fileEncoding = 4; lastKnownFileType = sourcecode.c.h; path = WhiskeyViewController.h; sourceTree = "<group>"; };
		D8516AD41AF7B434002A1D45 /* WhiskeyViewController.m */ = {isa = PBXFileReference; fileEncoding = 4; lastKnownFileType = sourcecode.c.objc; path = WhiskeyViewController.m; sourceTree = "<group>"; };
		D8A2B12D1AF719030058B61D /* Alcolator.app */ = {isa = PBXFileReference; explicitFileType = wrapper.application; includeInIndex = 0; path = Alcolator.app; sourceTree = BUILT_PRODUCTS_DIR; };
		D8A2B1311AF719030058B61D /* Info.plist */ = {isa = PBXFileReference; lastKnownFileType = text.plist.xml; path = Info.plist; sourceTree = "<group>"; };
		D8A2B1321AF719030058B61D /* main.m */ = {isa = PBXFileReference; lastKnownFileType = sourcecode.c.objc; path = main.m; sourceTree = "<group>"; };
		D8A2B1341AF719030058B61D /* AppDelegate.h */ = {isa = PBXFileReference; lastKnownFileType = sourcecode.c.h; path = AppDelegate.h; sourceTree = "<group>"; };
		D8A2B1351AF719030058B61D /* AppDelegate.m */ = {isa = PBXFileReference; lastKnownFileType = sourcecode.c.objc; path = AppDelegate.m; sourceTree = "<group>"; };
		D8A2B1371AF719030058B61D /* WineViewController.h */ = {isa = PBXFileReference; lastKnownFileType = sourcecode.c.h; path = WineViewController.h; sourceTree = "<group>"; };
		D8A2B1381AF719030058B61D /* WineViewController.m */ = {isa = PBXFileReference; lastKnownFileType = sourcecode.c.objc; path = WineViewController.m; sourceTree = "<group>"; };
		D8A2B13B1AF719030058B61D /* Base */ = {isa = PBXFileReference; lastKnownFileType = file.storyboard; name = Base; path = Base.lproj/Main.storyboard; sourceTree = "<group>"; };
		D8A2B13D1AF719030058B61D /* Images.xcassets */ = {isa = PBXFileReference; lastKnownFileType = folder.assetcatalog; path = Images.xcassets; sourceTree = "<group>"; };
		D8A2B1401AF719030058B61D /* Base */ = {isa = PBXFileReference; lastKnownFileType = file.xib; name = Base; path = Base.lproj/LaunchScreen.xib; sourceTree = "<group>"; };
		D8A2B1461AF719030058B61D /* AlcolatorTests.xctest */ = {isa = PBXFileReference; explicitFileType = wrapper.cfbundle; includeInIndex = 0; path = AlcolatorTests.xctest; sourceTree = BUILT_PRODUCTS_DIR; };
		D8A2B14B1AF719030058B61D /* Info.plist */ = {isa = PBXFileReference; lastKnownFileType = text.plist.xml; path = Info.plist; sourceTree = "<group>"; };
		D8A2B14C1AF719030058B61D /* AlcolatorTests.m */ = {isa = PBXFileReference; lastKnownFileType = sourcecode.c.objc; path = AlcolatorTests.m; sourceTree = "<group>"; };
		D8E9D8F31AF7BCD20033F377 /* MainMenuViewController.h */ = {isa = PBXFileReference; fileEncoding = 4; lastKnownFileType = sourcecode.c.h; path = MainMenuViewController.h; sourceTree = "<group>"; };
		D8E9D8F41AF7BCD20033F377 /* MainMenuViewController.m */ = {isa = PBXFileReference; fileEncoding = 4; lastKnownFileType = sourcecode.c.objc; path = MainMenuViewController.m; sourceTree = "<group>"; };
/* End PBXFileReference section */

/* Begin PBXFrameworksBuildPhase section */
		D8A2B12A1AF719030058B61D /* Frameworks */ = {
			isa = PBXFrameworksBuildPhase;
			buildActionMask = 2147483647;
			files = (
			);
			runOnlyForDeploymentPostprocessing = 0;
		};
		D8A2B1431AF719030058B61D /* Frameworks */ = {
			isa = PBXFrameworksBuildPhase;
			buildActionMask = 2147483647;
			files = (
			);
			runOnlyForDeploymentPostprocessing = 0;
		};
/* End PBXFrameworksBuildPhase section */

/* Begin PBXGroup section */
		D8A2B1241AF719030058B61D = {
			isa = PBXGroup;
			children = (
				D8A2B12F1AF719030058B61D /* Alcolator */,
				D8A2B1491AF719030058B61D /* AlcolatorTests */,
				D8A2B12E1AF719030058B61D /* Products */,
			);
			sourceTree = "<group>";
		};
		D8A2B12E1AF719030058B61D /* Products */ = {
			isa = PBXGroup;
			children = (
				D8A2B12D1AF719030058B61D /* Alcolator.app */,
				D8A2B1461AF719030058B61D /* AlcolatorTests.xctest */,
			);
			name = Products;
			sourceTree = "<group>";
		};
		D8A2B12F1AF719030058B61D /* Alcolator */ = {
			isa = PBXGroup;
			children = (
				D8A2B1341AF719030058B61D /* AppDelegate.h */,
				D8A2B1351AF719030058B61D /* AppDelegate.m */,
				D8E9D8F31AF7BCD20033F377 /* MainMenuViewController.h */,
				D8E9D8F41AF7BCD20033F377 /* MainMenuViewController.m */,
				D8A2B1371AF719030058B61D /* WineViewController.h */,
				D8A2B1381AF719030058B61D /* WineViewController.m */,
				D8516AD31AF7B434002A1D45 /* WhiskeyViewController.h */,
				D8516AD41AF7B434002A1D45 /* WhiskeyViewController.m */,
				D8A2B13A1AF719030058B61D /* Main.storyboard */,
				D8A2B13D1AF719030058B61D /* Images.xcassets */,
				D8A2B13F1AF719030058B61D /* LaunchScreen.xib */,
				D8A2B1301AF719030058B61D /* Supporting Files */,
			);
			path = Alcolator;
			sourceTree = "<group>";
		};
		D8A2B1301AF719030058B61D /* Supporting Files */ = {
			isa = PBXGroup;
			children = (
				D8A2B1311AF719030058B61D /* Info.plist */,
				D8A2B1321AF719030058B61D /* main.m */,
			);
			name = "Supporting Files";
			sourceTree = "<group>";
		};
		D8A2B1491AF719030058B61D /* AlcolatorTests */ = {
			isa = PBXGroup;
			children = (
				D8A2B14C1AF719030058B61D /* AlcolatorTests.m */,
				D8A2B14A1AF719030058B61D /* Supporting Files */,
			);
			path = AlcolatorTests;
			sourceTree = "<group>";
		};
		D8A2B14A1AF719030058B61D /* Supporting Files */ = {
			isa = PBXGroup;
			children = (
				D8A2B14B1AF719030058B61D /* Info.plist */,
			);
			name = "Supporting Files";
			sourceTree = "<group>";
		};
/* End PBXGroup section */

/* Begin PBXNativeTarget section */
		D8A2B12C1AF719030058B61D /* Alcolator */ = {
			isa = PBXNativeTarget;
			buildConfigurationList = D8A2B1501AF719030058B61D /* Build configuration list for PBXNativeTarget "Alcolator" */;
			buildPhases = (
				D8A2B1291AF719030058B61D /* Sources */,
				D8A2B12A1AF719030058B61D /* Frameworks */,
				D8A2B12B1AF719030058B61D /* Resources */,
			);
			buildRules = (
			);
			dependencies = (
			);
			name = Alcolator;
			productName = Alcolator;
			productReference = D8A2B12D1AF719030058B61D /* Alcolator.app */;
			productType = "com.apple.product-type.application";
		};
		D8A2B1451AF719030058B61D /* AlcolatorTests */ = {
			isa = PBXNativeTarget;
			buildConfigurationList = D8A2B1531AF719030058B61D /* Build configuration list for PBXNativeTarget "AlcolatorTests" */;
			buildPhases = (
				D8A2B1421AF719030058B61D /* Sources */,
				D8A2B1431AF719030058B61D /* Frameworks */,
				D8A2B1441AF719030058B61D /* Resources */,
			);
			buildRules = (
			);
			dependencies = (
				D8A2B1481AF719030058B61D /* PBXTargetDependency */,
			);
			name = AlcolatorTests;
			productName = AlcolatorTests;
			productReference = D8A2B1461AF719030058B61D /* AlcolatorTests.xctest */;
			productType = "com.apple.product-type.bundle.unit-test";
		};
/* End PBXNativeTarget section */

/* Begin PBXProject section */
		D8A2B1251AF719030058B61D /* Project object */ = {
			isa = PBXProject;
			attributes = {
				LastUpgradeCheck = 0630;
				ORGANIZATIONNAME = "Joe Lucero";
				TargetAttributes = {
					D8A2B12C1AF719030058B61D = {
						CreatedOnToolsVersion = 6.3;
					};
					D8A2B1451AF719030058B61D = {
						CreatedOnToolsVersion = 6.3;
						TestTargetID = D8A2B12C1AF719030058B61D;
					};
				};
			};
			buildConfigurationList = D8A2B1281AF719030058B61D /* Build configuration list for PBXProject "Alcolator" */;
			compatibilityVersion = "Xcode 3.2";
			developmentRegion = English;
			hasScannedForEncodings = 0;
			knownRegions = (
				en,
				Base,
			);
			mainGroup = D8A2B1241AF719030058B61D;
			productRefGroup = D8A2B12E1AF719030058B61D /* Products */;
			projectDirPath = "";
			projectRoot = "";
			targets = (
				D8A2B12C1AF719030058B61D /* Alcolator */,
				D8A2B1451AF719030058B61D /* AlcolatorTests */,
			);
		};
/* End PBXProject section */

/* Begin PBXResourcesBuildPhase section */
		D8A2B12B1AF719030058B61D /* Resources */ = {
			isa = PBXResourcesBuildPhase;
			buildActionMask = 2147483647;
			files = (
				D8A2B13C1AF719030058B61D /* Main.storyboard in Resources */,
				D8A2B1411AF719030058B61D /* LaunchScreen.xib in Resources */,
				D8A2B13E1AF719030058B61D /* Images.xcassets in Resources */,
			);
			runOnlyForDeploymentPostprocessing = 0;
		};
		D8A2B1441AF719030058B61D /* Resources */ = {
			isa = PBXResourcesBuildPhase;
			buildActionMask = 2147483647;
			files = (
			);
			runOnlyForDeploymentPostprocessing = 0;
		};
/* End PBXResourcesBuildPhase section */

/* Begin PBXSourcesBuildPhase section */
		D8A2B1291AF719030058B61D /* Sources */ = {
			isa = PBXSourcesBuildPhase;
			buildActionMask = 2147483647;
			files = (
				D8A2B1391AF719030058B61D /* WineViewController.m in Sources */,
				D8516AD51AF7B434002A1D45 /* WhiskeyViewController.m in Sources */,
				D8A2B1361AF719030058B61D /* AppDelegate.m in Sources */,
				D8A2B1331AF719030058B61D /* main.m in Sources */,
				D8E9D8F51AF7BCD20033F377 /* MainMenuViewController.m in Sources */,
			);
			runOnlyForDeploymentPostprocessing = 0;
		};
		D8A2B1421AF719030058B61D /* Sources */ = {
			isa = PBXSourcesBuildPhase;
			buildActionMask = 2147483647;
			files = (
				D8A2B14D1AF719030058B61D /* AlcolatorTests.m in Sources */,
			);
			runOnlyForDeploymentPostprocessing = 0;
		};
/* End PBXSourcesBuildPhase section */

/* Begin PBXTargetDependency section */
		D8A2B1481AF719030058B61D /* PBXTargetDependency */ = {
			isa = PBXTargetDependency;
			target = D8A2B12C1AF719030058B61D /* Alcolator */;
			targetProxy = D8A2B1471AF719030058B61D /* PBXContainerItemProxy */;
		};
/* End PBXTargetDependency section */

/* Begin PBXVariantGroup section */
		D8A2B13A1AF719030058B61D /* Main.storyboard */ = {
			isa = PBXVariantGroup;
			children = (
				D8A2B13B1AF719030058B61D /* Base */,
			);
			name = Main.storyboard;
			sourceTree = "<group>";
		};
		D8A2B13F1AF719030058B61D /* LaunchScreen.xib */ = {
			isa = PBXVariantGroup;
			children = (
				D8A2B1401AF719030058B61D /* Base */,
			);
			name = LaunchScreen.xib;
			sourceTree = "<group>";
		};
/* End PBXVariantGroup section */

/* Begin XCBuildConfiguration section */
		D8A2B14E1AF719030058B61D /* Debug */ = {
			isa = XCBuildConfiguration;
			buildSettings = {
				ALWAYS_SEARCH_USER_PATHS = NO;
				CLANG_CXX_LANGUAGE_STANDARD = "gnu++0x";
				CLANG_CXX_LIBRARY = "libc++";
				CLANG_ENABLE_MODULES = YES;
				CLANG_ENABLE_OBJC_ARC = YES;
				CLANG_WARN_BOOL_CONVERSION = YES;
				CLANG_WARN_CONSTANT_CONVERSION = YES;
				CLANG_WARN_DIRECT_OBJC_ISA_USAGE = YES_ERROR;
				CLANG_WARN_EMPTY_BODY = YES;
				CLANG_WARN_ENUM_CONVERSION = YES;
				CLANG_WARN_INT_CONVERSION = YES;
				CLANG_WARN_OBJC_ROOT_CLASS = YES_ERROR;
				CLANG_WARN_UNREACHABLE_CODE = YES;
				CLANG_WARN__DUPLICATE_METHOD_MATCH = YES;
				"CODE_SIGN_IDENTITY[sdk=iphoneos*]" = "iPhone Developer";
				COPY_PHASE_STRIP = NO;
				DEBUG_INFORMATION_FORMAT = "dwarf-with-dsym";
				ENABLE_STRICT_OBJC_MSGSEND = YES;
				GCC_C_LANGUAGE_STANDARD = gnu99;
				GCC_DYNAMIC_NO_PIC = NO;
				GCC_NO_COMMON_BLOCKS = YES;
				GCC_OPTIMIZATION_LEVEL = 0;
				GCC_PREPROCESSOR_DEFINITIONS = (
					"DEBUG=1",
					"$(inherited)",
				);
				GCC_SYMBOLS_PRIVATE_EXTERN = NO;
				GCC_WARN_64_TO_32_BIT_CONVERSION = YES;
				GCC_WARN_ABOUT_RETURN_TYPE = YES_ERROR;
				GCC_WARN_UNDECLARED_SELECTOR = YES;
				GCC_WARN_UNINITIALIZED_AUTOS = YES_AGGRESSIVE;
				GCC_WARN_UNUSED_FUNCTION = YES;
				GCC_WARN_UNUSED_VARIABLE = YES;
				IPHONEOS_DEPLOYMENT_TARGET = 8.3;
				MTL_ENABLE_DEBUG_INFO = YES;
				ONLY_ACTIVE_ARCH = YES;
				SDKROOT = iphoneos;
				TARGETED_DEVICE_FAMILY = "1,2";
			};
			name = Debug;
		};
		D8A2B14F1AF719030058B61D /* Release */ = {
			isa = XCBuildConfiguration;
			buildSettings = {
				ALWAYS_SEARCH_USER_PATHS = NO;
				CLANG_CXX_LANGUAGE_STANDARD = "gnu++0x";
				CLANG_CXX_LIBRARY = "libc++";
				CLANG_ENABLE_MODULES = YES;
				CLANG_ENABLE_OBJC_ARC = YES;
				CLANG_WARN_BOOL_CONVERSION = YES;
				CLANG_WARN_CONSTANT_CONVERSION = YES;
				CLANG_WARN_DIRECT_OBJC_ISA_USAGE = YES_ERROR;
				CLANG_WARN_EMPTY_BODY = YES;
				CLANG_WARN_ENUM_CONVERSION = YES;
				CLANG_WARN_INT_CONVERSION = YES;
				CLANG_WARN_OBJC_ROOT_CLASS = YES_ERROR;
				CLANG_WARN_UNREACHABLE_CODE = YES;
				CLANG_WARN__DUPLICATE_METHOD_MATCH = YES;
				"CODE_SIGN_IDENTITY[sdk=iphoneos*]" = "iPhone Developer";
				COPY_PHASE_STRIP = NO;
				DEBUG_INFORMATION_FORMAT = "dwarf-with-dsym";
				ENABLE_NS_ASSERTIONS = NO;
				ENABLE_STRICT_OBJC_MSGSEND = YES;
				GCC_C_LANGUAGE_STANDARD = gnu99;
				GCC_NO_COMMON_BLOCKS = YES;
				GCC_WARN_64_TO_32_BIT_CONVERSION = YES;
				GCC_WARN_ABOUT_RETURN_TYPE = YES_ERROR;
				GCC_WARN_UNDECLARED_SELECTOR = YES;
				GCC_WARN_UNINITIALIZED_AUTOS = YES_AGGRESSIVE;
				GCC_WARN_UNUSED_FUNCTION = YES;
				GCC_WARN_UNUSED_VARIABLE = YES;
				IPHONEOS_DEPLOYMENT_TARGET = 8.3;
				MTL_ENABLE_DEBUG_INFO = NO;
				SDKROOT = iphoneos;
				TARGETED_DEVICE_FAMILY = "1,2";
				VALIDATE_PRODUCT = YES;
			};
			name = Release;
		};
		D8A2B1511AF719030058B61D /* Debug */ = {
			isa = XCBuildConfiguration;
			buildSettings = {
				ASSETCATALOG_COMPILER_APPICON_NAME = AppIcon;
				INFOPLIST_FILE = Alcolator/Info.plist;
				LD_RUNPATH_SEARCH_PATHS = "$(inherited) @executable_path/Frameworks";
				PRODUCT_NAME = "$(TARGET_NAME)";
			};
			name = Debug;
		};
		D8A2B1521AF719030058B61D /* Release */ = {
			isa = XCBuildConfiguration;
			buildSettings = {
				ASSETCATALOG_COMPILER_APPICON_NAME = AppIcon;
				INFOPLIST_FILE = Alcolator/Info.plist;
				LD_RUNPATH_SEARCH_PATHS = "$(inherited) @executable_path/Frameworks";
				PRODUCT_NAME = "$(TARGET_NAME)";
			};
			name = Release;
		};
		D8A2B1541AF719030058B61D /* Debug */ = {
			isa = XCBuildConfiguration;
			buildSettings = {
				BUNDLE_LOADER = "$(TEST_HOST)";
				FRAMEWORK_SEARCH_PATHS = (
					"$(SDKROOT)/Developer/Library/Frameworks",
					"$(inherited)",
				);
				GCC_PREPROCESSOR_DEFINITIONS = (
					"DEBUG=1",
					"$(inherited)",
				);
				INFOPLIST_FILE = AlcolatorTests/Info.plist;
				LD_RUNPATH_SEARCH_PATHS = "$(inherited) @executable_path/Frameworks @loader_path/Frameworks";
				PRODUCT_NAME = "$(TARGET_NAME)";
				TEST_HOST = "$(BUILT_PRODUCTS_DIR)/Alcolator.app/Alcolator";
			};
			name = Debug;
		};
		D8A2B1551AF719030058B61D /* Release */ = {
			isa = XCBuildConfiguration;
			buildSettings = {
				BUNDLE_LOADER = "$(TEST_HOST)";
				FRAMEWORK_SEARCH_PATHS = (
					"$(SDKROOT)/Developer/Library/Frameworks",
					"$(inherited)",
				);
				INFOPLIST_FILE = AlcolatorTests/Info.plist;
				LD_RUNPATH_SEARCH_PATHS = "$(inherited) @executable_path/Frameworks @loader_path/Frameworks";
				PRODUCT_NAME = "$(TARGET_NAME)";
				TEST_HOST = "$(BUILT_PRODUCTS_DIR)/Alcolator.app/Alcolator";
			};
			name = Release;
		};
/* End XCBuildConfiguration section */

/* Begin XCConfigurationList section */
		D8A2B1281AF719030058B61D /* Build configuration list for PBXProject "Alcolator" */ = {
			isa = XCConfigurationList;
			buildConfigurations = (
				D8A2B14E1AF719030058B61D /* Debug */,
				D8A2B14F1AF719030058B61D /* Release */,
			);
			defaultConfigurationIsVisible = 0;
			defaultConfigurationName = Release;
		};
		D8A2B1501AF719030058B61D /* Build configuration list for PBXNativeTarget "Alcolator" */ = {
			isa = XCConfigurationList;
			buildConfigurations = (
				D8A2B1511AF719030058B61D /* Debug */,
				D8A2B1521AF719030058B61D /* Release */,
			);
			defaultConfigurationIsVisible = 0;
			defaultConfigurationName = Release;
		};
		D8A2B1531AF719030058B61D /* Build configuration list for PBXNativeTarget "AlcolatorTests" */ = {
			isa = XCConfigurationList;
			buildConfigurations = (
				D8A2B1541AF719030058B61D /* Debug */,
				D8A2B1551AF719030058B61D /* Release */,
			);
			defaultConfigurationIsVisible = 0;
			defaultConfigurationName = Release;
		};
/* End XCConfigurationList section */
	};
	rootObject = D8A2B1251AF719030058B61D /* Project object */;
}
